
Microsoft Visual Studio Solution File, Format Version 12.00
# Visual Studio 15
VisualStudioVersion = 15.0.27004.2002
MinimumVisualStudioVersion = 10.0.40219.1
Project("{9A19103F-16F7-4668-BE54-9A1E7A4F7556}") = "WebServices", "WebServices\WebServices.csproj", "{EF80C8A6-0F39-4047-99B0-D794FF436CE3}"
EndProject
Project("{FAE04EC0-301F-11D3-BF4B-00C04F79EFBC}") = "WebServicesTests", "WebServicesTests\WebServicesTests.csproj", "{DAB7EDC7-BDA3-4EF0-8A22-B128E2274479}"
EndProject
Global
	GlobalSection(SolutionConfigurationPlatforms) = preSolution
		Debug|Any CPU = Debug|Any CPU
		Release|Any CPU = Release|Any CPU
	EndGlobalSection
	GlobalSection(ProjectConfigurationPlatforms) = postSolution
		{EF80C8A6-0F39-4047-99B0-D794FF436CE3}.Debug|Any CPU.ActiveCfg = Debug|Any CPU
		{EF80C8A6-0F39-4047-99B0-D794FF436CE3}.Debug|Any CPU.Build.0 = Debug|Any CPU
		{EF80C8A6-0F39-4047-99B0-D794FF436CE3}.Release|Any CPU.ActiveCfg = Release|Any CPU
		{EF80C8A6-0F39-4047-99B0-D794FF436CE3}.Release|Any CPU.Build.0 = Release|Any CPU
		{DAB7EDC7-BDA3-4EF0-8A22-B128E2274479}.Debug|Any CPU.ActiveCfg = Debug|Any CPU
		{DAB7EDC7-BDA3-4EF0-8A22-B128E2274479}.Debug|Any CPU.Build.0 = Debug|Any CPU
		{DAB7EDC7-BDA3-4EF0-8A22-B128E2274479}.Release|Any CPU.ActiveCfg = Release|Any CPU
		{DAB7EDC7-BDA3-4EF0-8A22-B128E2274479}.Release|Any CPU.Build.0 = Release|Any CPU
	EndGlobalSection
	GlobalSection(SolutionProperties) = preSolution
		HideSolutionNode = FALSE
	EndGlobalSection
	GlobalSection(ExtensibilityGlobals) = postSolution
		SolutionGuid = {FA5BBBAC-589F-4145-9F43-D17B5CA01549}
	EndGlobalSection
EndGlobal
